
Microsoft Visual Studio Solution File, Format Version 12.00
# Visual Studio Version 17
VisualStudioVersion = 17.4.33103.184
MinimumVisualStudioVersion = 10.0.40219.1
Project("{FAE04EC0-301F-11D3-BF4B-00C04F79EFBC}") = "USTMLibrary_API", "USTMLibrary_API\USTMLibrary_API.csproj", "{0F06CA3B-97BD-4653-B75D-30DE92BA82E9}"
EndProject
Global
	GlobalSection(SolutionConfigurationPlatforms) = preSolution
		Debug|Any CPU = Debug|Any CPU
		Release|Any CPU = Release|Any CPU
	EndGlobalSection
	GlobalSection(ProjectConfigurationPlatforms) = postSolution
		{0F06CA3B-97BD-4653-B75D-30DE92BA82E9}.Debug|Any CPU.ActiveCfg = Debug|Any CPU
		{0F06CA3B-97BD-4653-B75D-30DE92BA82E9}.Debug|Any CPU.Build.0 = Debug|Any CPU
		{0F06CA3B-97BD-4653-B75D-30DE92BA82E9}.Release|Any CPU.ActiveCfg = Release|Any CPU
		{0F06CA3B-97BD-4653-B75D-30DE92BA82E9}.Release|Any CPU.Build.0 = Release|Any CPU
	EndGlobalSection
	GlobalSection(SolutionProperties) = preSolution
		HideSolutionNode = FALSE
	EndGlobalSection
	GlobalSection(ExtensibilityGlobals) = postSolution
		SolutionGuid = {3A34605B-BC58-406A-A5A9-1FF39AF0444D}
	EndGlobalSection
EndGlobal
